
Microsoft Visual Studio Solution File, Format Version 12.00
# Visual Studio Version 16
VisualStudioVersion = 16.0.31727.386
MinimumVisualStudioVersion = 10.0.40219.1
Project("{FAE04EC0-301F-11D3-BF4B-00C04F79EFBC}") = "PSBot.API", "PSBot.API\PSBot.API.csproj", "{85AD5E14-EA24-46DD-B039-174F25CD1B0D}"
EndProject
Global
	GlobalSection(SolutionConfigurationPlatforms) = preSolution
		Debug|Any CPU = Debug|Any CPU
		Release|Any CPU = Release|Any CPU
	EndGlobalSection
	GlobalSection(ProjectConfigurationPlatforms) = postSolution
		{85AD5E14-EA24-46DD-B039-174F25CD1B0D}.Debug|Any CPU.ActiveCfg = Debug|Any CPU
		{85AD5E14-EA24-46DD-B039-174F25CD1B0D}.Debug|Any CPU.Build.0 = Debug|Any CPU
		{85AD5E14-EA24-46DD-B039-174F25CD1B0D}.Release|Any CPU.ActiveCfg = Release|Any CPU
		{85AD5E14-EA24-46DD-B039-174F25CD1B0D}.Release|Any CPU.Build.0 = Release|Any CPU
	EndGlobalSection
	GlobalSection(SolutionProperties) = preSolution
		HideSolutionNode = FALSE
	EndGlobalSection
	GlobalSection(ExtensibilityGlobals) = postSolution
		SolutionGuid = {903EA505-9417-447D-93E0-815A063F1CE6}
	EndGlobalSection
EndGlobal
